{
	"name": "maxmsp-gui-example",
	"version": "0.0.0",
	"lockfileVersion": 3,
	"requires": true,
	"packages": {
		"": {
			"name": "maxmsp-gui-example",
			"version": "0.0.0",
			"dependencies": {
				"@vitejs/plugin-react": "file:../node_modules/@vitejs/plugin-react",
				"maxmsp-gui": "file:..",
				"react": "file:../node_modules/react",
				"react-dom": "file:../node_modules/react-dom",
				"vite": "file:../node_modules/vite",
				"vite-plugin-compression2": "file:../node_modules/vite-plugin-compression2"
			}
		},
		"..": {
			"version": "2.6.2",
			"license": "MIT",
			"devDependencies": {
				"@biomejs/biome": "^2.4.15",
				"@eslint/js": "^10.0.1",
				"@prettier/plugin-xml": "^3.4.2",
				"@types/node": "^25.9.0",
				"@types/react": "^19.2.14",
				"@types/react-dom": "^19.2.3",
				"@vitejs/plugin-react": "^6.0.2",
				"eslint": "^10.4.0",
				"eslint-plugin-react-hooks": "^7.1.1",
				"eslint-plugin-react-refresh": "^0.5.2",
				"gh-pages": "^6.3.0",
				"globals": "^17.6.0",
				"prettier": "^3.8.3",
				"sass-embedded": "^1.99.0",
				"stylelint": "^17.11.1",
				"stylelint-config-standard-scss": "^17.0.0",
				"typescript": "^6.0.3",
				"typescript-eslint": "^8.59.4",
				"vite": "^8.0.13",
				"vite-plugin-compression2": "^2.5.3",
				"vite-plugin-css-injected-by-js": "^5.0.1",
				"vite-plugin-dts": "^5.0.1",
				"vite-plugin-svgr": "^5.2.0"
			},
			"engines": {
				"node": ">=10"
			},
			"peerDependencies": {
				"react": "^19.2.6",
				"react-dom": "^19.2.6"
			}
		},
		"../node_modules/@vitejs/plugin-react": {
			"version": "6.0.2",
			"license": "MIT",
			"dependencies": {
				"@rolldown/pluginutils": "^1.0.0"
			},
			"engines": {
				"node": "^20.19.0 || >=22.12.0"
			},
			"peerDependencies": {
				"@rolldown/plugin-babel": "^0.1.7 || ^0.2.0",
				"babel-plugin-react-compiler": "^1.0.0",
				"vite": "^8.0.0"
			},
			"peerDependenciesMeta": {
				"@rolldown/plugin-babel": {
					"optional": true
				},
				"babel-plugin-react-compiler": {
					"optional": true
				}
			}
		},
		"../node_modules/react": {
			"version": "19.2.6",
			"license": "MIT",
			"engines": {
				"node": ">=0.10.0"
			}
		},
		"../node_modules/react-dom": {
			"version": "19.2.6",
			"license": "MIT",
			"dependencies": {
				"scheduler": "^0.27.0"
			},
			"peerDependencies": {
				"react": "^19.2.6"
			}
		},
		"../node_modules/vite": {
			"version": "8.0.13",
			"license": "MIT",
			"dependencies": {
				"lightningcss": "^1.32.0",
				"picomatch": "^4.0.4",
				"postcss": "^8.5.14",
				"rolldown": "1.0.1",
				"tinyglobby": "^0.2.16"
			},
			"bin": {
				"vite": "bin/vite.js"
			},
			"engines": {
				"node": "^20.19.0 || >=22.12.0"
			},
			"funding": {
				"url": "https://github.com/vitejs/vite?sponsor=1"
			},
			"optionalDependencies": {
				"fsevents": "~2.3.3"
			},
			"peerDependencies": {
				"@types/node": "^20.19.0 || >=22.12.0",
				"@vitejs/devtools": "^0.1.18",
				"esbuild": "^0.27.0 || ^0.28.0",
				"jiti": ">=1.21.0",
				"less": "^4.0.0",
				"sass": "^1.70.0",
				"sass-embedded": "^1.70.0",
				"stylus": ">=0.54.8",
				"sugarss": "^5.0.0",
				"terser": "^5.16.0",
				"tsx": "^4.8.1",
				"yaml": "^2.4.2"
			},
			"peerDependenciesMeta": {
				"@types/node": {
					"optional": true
				},
				"@vitejs/devtools": {
					"optional": true
				},
				"esbuild": {
					"optional": true
				},
				"jiti": {
					"optional": true
				},
				"less": {
					"optional": true
				},
				"sass": {
					"optional": true
				},
				"sass-embedded": {
					"optional": true
				},
				"stylus": {
					"optional": true
				},
				"sugarss": {
					"optional": true
				},
				"terser": {
					"optional": true
				},
				"tsx": {
					"optional": true
				},
				"yaml": {
					"optional": true
				}
			}
		},
		"../node_modules/vite-plugin-compression2": {
			"version": "2.5.3",
			"license": "MIT",
			"dependencies": {
				"@rollup/pluginutils": "^5.1.0",
				"tar-mini": "^0.2.0"
			}
		},
		"node_modules/@vitejs/plugin-react": {
			"resolved": "../node_modules/@vitejs/plugin-react",
			"link": true
		},
		"node_modules/maxmsp-gui": {
			"resolved": "..",
			"link": true
		},
		"node_modules/react": {
			"resolved": "../node_modules/react",
			"link": true
		},
		"node_modules/react-dom": {
			"resolved": "../node_modules/react-dom",
			"link": true
		},
		"node_modules/vite": {
			"resolved": "../node_modules/vite",
			"link": true
		},
		"node_modules/vite-plugin-compression2": {
			"resolved": "../node_modules/vite-plugin-compression2",
			"link": true
		}
	}
}
