{
	"name": "maxmsp-gui-example",
	"version": "0.0.0",
	"lockfileVersion": 3,
	"requires": true,
	"packages": {
		"": {
			"name": "maxmsp-gui-example",
			"version": "0.0.0",
			"dependencies": {
				"@vitejs/plugin-react-swc": "file:../node_modules/@vitejs/plugin-react-swc",
				"maxmsp-gui": "file:..",
				"react": "file:../node_modules/react",
				"react-dom": "file:../node_modules/react-dom",
				"vite": "file:../node_modules/vite",
				"vite-plugin-gh-pages": "file:../node_modules/vite-plugin-gh-pages"
			}
		},
		"..": {
			"version": "2.2.4",
			"license": "n/a",
			"devDependencies": {
				"@rollup/plugin-commonjs": "^25.0.7",
				"@rollup/plugin-node-resolve": "^15.2.3",
				"@rollup/plugin-typescript": "^11.1.5",
				"@svgr/rollup": "^8.1.0",
				"@svgr/webpack": "^8.1.0",
				"@types/node": "^20.8.7",
				"@types/react": "^18.2.31",
				"@types/react-dom": "^18.2.14",
				"@vitejs/plugin-react-swc": "^3.4.0",
				"gh-pages": "^6.0.0",
				"postcss": "^8.4.31",
				"prettier": "^3.0.3",
				"react": "^18.2.0",
				"react-dom": "^18.2.0",
				"rollup-plugin-postcss": "^4.0.2",
				"sass": "^1.69.4",
				"tslib": "^2.6.2",
				"typescript": "^5.2.2",
				"vite": "^4.5.0",
				"vite-plugin-gh-pages": "^0.4.1"
			},
			"engines": {
				"node": ">=10"
			},
			"peerDependencies": {
				"react": "^18.2.0",
				"react-dom": "^18.2.0"
			}
		},
		"../node_modules/@vitejs/plugin-react-swc": {
			"version": "3.4.0",
			"license": "MIT",
			"dependencies": {
				"@swc/core": "^1.3.85"
			},
			"peerDependencies": {
				"vite": "^4"
			}
		},
		"../node_modules/react": {
			"version": "18.2.0",
			"license": "MIT",
			"dependencies": {
				"loose-envify": "^1.1.0"
			},
			"engines": {
				"node": ">=0.10.0"
			}
		},
		"../node_modules/react-dom": {
			"version": "18.2.0",
			"license": "MIT",
			"dependencies": {
				"loose-envify": "^1.1.0",
				"scheduler": "^0.23.0"
			},
			"peerDependencies": {
				"react": "^18.2.0"
			}
		},
		"../node_modules/vite": {
			"version": "4.5.0",
			"license": "MIT",
			"dependencies": {
				"esbuild": "^0.18.10",
				"postcss": "^8.4.27",
				"rollup": "^3.27.1"
			},
			"bin": {
				"vite": "bin/vite.js"
			},
			"engines": {
				"node": "^14.18.0 || >=16.0.0"
			},
			"funding": {
				"url": "https://github.com/vitejs/vite?sponsor=1"
			},
			"optionalDependencies": {
				"fsevents": "~2.3.2"
			},
			"peerDependencies": {
				"@types/node": ">= 14",
				"less": "*",
				"lightningcss": "^1.21.0",
				"sass": "*",
				"stylus": "*",
				"sugarss": "*",
				"terser": "^5.4.0"
			},
			"peerDependenciesMeta": {
				"@types/node": {
					"optional": true
				},
				"less": {
					"optional": true
				},
				"lightningcss": {
					"optional": true
				},
				"sass": {
					"optional": true
				},
				"stylus": {
					"optional": true
				},
				"sugarss": {
					"optional": true
				},
				"terser": {
					"optional": true
				}
			}
		},
		"../node_modules/vite-plugin-gh-pages": {
			"version": "0.4.1",
			"license": "MIT",
			"dependencies": {
				"gh-pages": "^4.0.0"
			}
		},
		"node_modules/@vitejs/plugin-react-swc": {
			"resolved": "../node_modules/@vitejs/plugin-react-swc",
			"link": true
		},
		"node_modules/maxmsp-gui": {
			"resolved": "..",
			"link": true
		},
		"node_modules/react": {
			"resolved": "../node_modules/react",
			"link": true
		},
		"node_modules/react-dom": {
			"resolved": "../node_modules/react-dom",
			"link": true
		},
		"node_modules/vite": {
			"resolved": "../node_modules/vite",
			"link": true
		},
		"node_modules/vite-plugin-gh-pages": {
			"resolved": "../node_modules/vite-plugin-gh-pages",
			"link": true
		}
	}
}
